// !$*UTF8*$!
{
	archiveVersion = 1;
	classes = {
	};
	objectVersion = 46;
	objects = {

/* Begin PBXBuildFile section */
		661CDB461C6BDD5E00698E64 /* DistanceCalc.swift in Sources */ = {isa = PBXBuildFile; fileRef = 661CDB451C6BDD5E00698E64 /* DistanceCalc.swift */; };
		661CDB4E1C6BE04400698E64 /* Protocols.swift in Sources */ = {isa = PBXBuildFile; fileRef = 661CDB4D1C6BE04400698E64 /* Protocols.swift */; };
		661CDB501C6BF0C400698E64 /* Main.storyboard in Resources */ = {isa = PBXBuildFile; fileRef = 661CDB4F1C6BF0C400698E64 /* Main.storyboard */; };
		661CDB521C6C7AAD00698E64 /* Log.swift in Sources */ = {isa = PBXBuildFile; fileRef = 661CDB511C6C7AAD00698E64 /* Log.swift */; };
		661E08DB1C60E43C005BD3B9 /* AppDelegate.swift in Sources */ = {isa = PBXBuildFile; fileRef = 661E08DA1C60E43C005BD3B9 /* AppDelegate.swift */; };
		661E08DD1C60E43C005BD3B9 /* ViewController.swift in Sources */ = {isa = PBXBuildFile; fileRef = 661E08DC1C60E43C005BD3B9 /* ViewController.swift */; };
		661E08E21C60E43C005BD3B9 /* Assets.xcassets in Resources */ = {isa = PBXBuildFile; fileRef = 661E08E11C60E43C005BD3B9 /* Assets.xcassets */; };
		661E08E51C60E43C005BD3B9 /* LaunchScreen.storyboard in Resources */ = {isa = PBXBuildFile; fileRef = 661E08E31C60E43C005BD3B9 /* LaunchScreen.storyboard */; };
		661E08F01C60E43C005BD3B9 /* recognizerTests.swift in Sources */ = {isa = PBXBuildFile; fileRef = 661E08EF1C60E43C005BD3B9 /* recognizerTests.swift */; };
		661E08FB1C60E43D005BD3B9 /* recognizerUITests.swift in Sources */ = {isa = PBXBuildFile; fileRef = 661E08FA1C60E43D005BD3B9 /* recognizerUITests.swift */; };
		6680B2841C63585000C0A43E /* CoreGraphics.framework in Frameworks */ = {isa = PBXBuildFile; fileRef = 6680B2831C63585000C0A43E /* CoreGraphics.framework */; };
		66C52ADE1C60EEBE000C4631 /* OptionsViewController.swift in Sources */ = {isa = PBXBuildFile; fileRef = 66C52ADD1C60EEBE000C4631 /* OptionsViewController.swift */; };
		66EFAD2E1C63735600BB20AC /* LogViewController.swift in Sources */ = {isa = PBXBuildFile; fileRef = 66EFAD2D1C63735600BB20AC /* LogViewController.swift */; };
/* End PBXBuildFile section */

/* Begin PBXContainerItemProxy section */
		661E08EC1C60E43C005BD3B9 /* PBXContainerItemProxy */ = {
			isa = PBXContainerItemProxy;
			containerPortal = 661E08CF1C60E43C005BD3B9 /* Project object */;
			proxyType = 1;
			remoteGlobalIDString = 661E08D61C60E43C005BD3B9;
			remoteInfo = recognizer;
		};
		661E08F71C60E43D005BD3B9 /* PBXContainerItemProxy */ = {
			isa = PBXContainerItemProxy;
			containerPortal = 661E08CF1C60E43C005BD3B9 /* Project object */;
			proxyType = 1;
			remoteGlobalIDString = 661E08D61C60E43C005BD3B9;
			remoteInfo = recognizer;
		};
/* End PBXContainerItemProxy section */

/* Begin PBXFileReference section */
		661CDB451C6BDD5E00698E64 /* DistanceCalc.swift */ = {isa = PBXFileReference; fileEncoding = 4; lastKnownFileType = sourcecode.swift; path = DistanceCalc.swift; sourceTree = "<group>"; };
		661CDB4D1C6BE04400698E64 /* Protocols.swift */ = {isa = PBXFileReference; fileEncoding = 4; lastKnownFileType = sourcecode.swift; path = Protocols.swift; sourceTree = "<group>"; };
		661CDB4F1C6BF0C400698E64 /* Main.storyboard */ = {isa = PBXFileReference; fileEncoding = 4; lastKnownFileType = file.storyboard; path = Main.storyboard; sourceTree = "<group>"; };
		661CDB511C6C7AAD00698E64 /* Log.swift */ = {isa = PBXFileReference; fileEncoding = 4; lastKnownFileType = sourcecode.swift; path = Log.swift; sourceTree = "<group>"; };
		661E08D71C60E43C005BD3B9 /* recognizer.app */ = {isa = PBXFileReference; explicitFileType = wrapper.application; includeInIndex = 0; path = recognizer.app; sourceTree = BUILT_PRODUCTS_DIR; };
		661E08DA1C60E43C005BD3B9 /* AppDelegate.swift */ = {isa = PBXFileReference; lastKnownFileType = sourcecode.swift; path = AppDelegate.swift; sourceTree = "<group>"; };
		661E08DC1C60E43C005BD3B9 /* ViewController.swift */ = {isa = PBXFileReference; lastKnownFileType = sourcecode.swift; path = ViewController.swift; sourceTree = "<group>"; };
		661E08E11C60E43C005BD3B9 /* Assets.xcassets */ = {isa = PBXFileReference; lastKnownFileType = folder.assetcatalog; path = Assets.xcassets; sourceTree = "<group>"; };
		661E08E41C60E43C005BD3B9 /* Base */ = {isa = PBXFileReference; lastKnownFileType = file.storyboard; name = Base; path = Base.lproj/LaunchScreen.storyboard; sourceTree = "<group>"; };
		661E08E61C60E43C005BD3B9 /* Info.plist */ = {isa = PBXFileReference; lastKnownFileType = text.plist.xml; path = Info.plist; sourceTree = "<group>"; };
		661E08EB1C60E43C005BD3B9 /* recognizerTests.xctest */ = {isa = PBXFileReference; explicitFileType = wrapper.cfbundle; includeInIndex = 0; path = recognizerTests.xctest; sourceTree = BUILT_PRODUCTS_DIR; };
		661E08EF1C60E43C005BD3B9 /* recognizerTests.swift */ = {isa = PBXFileReference; lastKnownFileType = sourcecode.swift; path = recognizerTests.swift; sourceTree = "<group>"; };
		661E08F11C60E43C005BD3B9 /* Info.plist */ = {isa = PBXFileReference; lastKnownFileType = text.plist.xml; path = Info.plist; sourceTree = "<group>"; };
		661E08F61C60E43D005BD3B9 /* recognizerUITests.xctest */ = {isa = PBXFileReference; explicitFileType = wrapper.cfbundle; includeInIndex = 0; path = recognizerUITests.xctest; sourceTree = BUILT_PRODUCTS_DIR; };
		661E08FA1C60E43D005BD3B9 /* recognizerUITests.swift */ = {isa = PBXFileReference; lastKnownFileType = sourcecode.swift; path = recognizerUITests.swift; sourceTree = "<group>"; };
		661E08FC1C60E43D005BD3B9 /* Info.plist */ = {isa = PBXFileReference; lastKnownFileType = text.plist.xml; path = Info.plist; sourceTree = "<group>"; };
		6680B2831C63585000C0A43E /* CoreGraphics.framework */ = {isa = PBXFileReference; lastKnownFileType = wrapper.framework; name = CoreGraphics.framework; path = System/Library/Frameworks/CoreGraphics.framework; sourceTree = SDKROOT; };
		66C52ADD1C60EEBE000C4631 /* OptionsViewController.swift */ = {isa = PBXFileReference; fileEncoding = 4; lastKnownFileType = sourcecode.swift; path = OptionsViewController.swift; sourceTree = "<group>"; };
		66EFAD2D1C63735600BB20AC /* LogViewController.swift */ = {isa = PBXFileReference; fileEncoding = 4; lastKnownFileType = sourcecode.swift; path = LogViewController.swift; sourceTree = "<group>"; };
/* End PBXFileReference section */

/* Begin PBXFrameworksBuildPhase section */
		661E08D41C60E43C005BD3B9 /* Frameworks */ = {
			isa = PBXFrameworksBuildPhase;
			buildActionMask = 2147483647;
			files = (
				6680B2841C63585000C0A43E /* CoreGraphics.framework in Frameworks */,
			);
			runOnlyForDeploymentPostprocessing = 0;
		};
		661E08E81C60E43C005BD3B9 /* Frameworks */ = {
			isa = PBXFrameworksBuildPhase;
			buildActionMask = 2147483647;
			files = (
			);
			runOnlyForDeploymentPostprocessing = 0;
		};
		661E08F31C60E43C005BD3B9 /* Frameworks */ = {
			isa = PBXFrameworksBuildPhase;
			buildActionMask = 2147483647;
			files = (
			);
			runOnlyForDeploymentPostprocessing = 0;
		};
/* End PBXFrameworksBuildPhase section */

/* Begin PBXGroup section */
		661E08CE1C60E43C005BD3B9 = {
			isa = PBXGroup;
			children = (
				6680B2831C63585000C0A43E /* CoreGraphics.framework */,
				661E08D91C60E43C005BD3B9 /* recognizer */,
				661E08EE1C60E43C005BD3B9 /* recognizerTests */,
				661E08F91C60E43D005BD3B9 /* recognizerUITests */,
				661E08D81C60E43C005BD3B9 /* Products */,
			);
			sourceTree = "<group>";
		};
		661E08D81C60E43C005BD3B9 /* Products */ = {
			isa = PBXGroup;
			children = (
				661E08D71C60E43C005BD3B9 /* recognizer.app */,
				661E08EB1C60E43C005BD3B9 /* recognizerTests.xctest */,
				661E08F61C60E43D005BD3B9 /* recognizerUITests.xctest */,
			);
			name = Products;
			sourceTree = "<group>";
		};
		661E08D91C60E43C005BD3B9 /* recognizer */ = {
			isa = PBXGroup;
			children = (
				661E08DA1C60E43C005BD3B9 /* AppDelegate.swift */,
				661E08DC1C60E43C005BD3B9 /* ViewController.swift */,
				661CDB511C6C7AAD00698E64 /* Log.swift */,
				66EFAD2D1C63735600BB20AC /* LogViewController.swift */,
				66C52ADD1C60EEBE000C4631 /* OptionsViewController.swift */,
				661CDB4F1C6BF0C400698E64 /* Main.storyboard */,
				661CDB451C6BDD5E00698E64 /* DistanceCalc.swift */,
				661CDB4D1C6BE04400698E64 /* Protocols.swift */,
				661E08E11C60E43C005BD3B9 /* Assets.xcassets */,
				661E08E31C60E43C005BD3B9 /* LaunchScreen.storyboard */,
				661E08E61C60E43C005BD3B9 /* Info.plist */,
			);
			path = recognizer;
			sourceTree = "<group>";
		};
		661E08EE1C60E43C005BD3B9 /* recognizerTests */ = {
			isa = PBXGroup;
			children = (
				661E08EF1C60E43C005BD3B9 /* recognizerTests.swift */,
				661E08F11C60E43C005BD3B9 /* Info.plist */,
			);
			path = recognizerTests;
			sourceTree = "<group>";
		};
		661E08F91C60E43D005BD3B9 /* recognizerUITests */ = {
			isa = PBXGroup;
			children = (
				661E08FA1C60E43D005BD3B9 /* recognizerUITests.swift */,
				661E08FC1C60E43D005BD3B9 /* Info.plist */,
			);
			path = recognizerUITests;
			sourceTree = "<group>";
		};
/* End PBXGroup section */

/* Begin PBXNativeTarget section */
		661E08D61C60E43C005BD3B9 /* recognizer */ = {
			isa = PBXNativeTarget;
			buildConfigurationList = 661E08FF1C60E43D005BD3B9 /* Build configuration list for PBXNativeTarget "recognizer" */;
			buildPhases = (
				661E08D31C60E43C005BD3B9 /* Sources */,
				661E08D41C60E43C005BD3B9 /* Frameworks */,
				661E08D51C60E43C005BD3B9 /* Resources */,
			);
			buildRules = (
			);
			dependencies = (
			);
			name = recognizer;
			productName = recognizer;
			productReference = 661E08D71C60E43C005BD3B9 /* recognizer.app */;
			productType = "com.apple.product-type.application";
		};
		661E08EA1C60E43C005BD3B9 /* recognizerTests */ = {
			isa = PBXNativeTarget;
			buildConfigurationList = 661E09021C60E43D005BD3B9 /* Build configuration list for PBXNativeTarget "recognizerTests" */;
			buildPhases = (
				661E08E71C60E43C005BD3B9 /* Sources */,
				661E08E81C60E43C005BD3B9 /* Frameworks */,
				661E08E91C60E43C005BD3B9 /* Resources */,
			);
			buildRules = (
			);
			dependencies = (
				661E08ED1C60E43C005BD3B9 /* PBXTargetDependency */,
			);
			name = recognizerTests;
			productName = recognizerTests;
			productReference = 661E08EB1C60E43C005BD3B9 /* recognizerTests.xctest */;
			productType = "com.apple.product-type.bundle.unit-test";
		};
		661E08F51C60E43C005BD3B9 /* recognizerUITests */ = {
			isa = PBXNativeTarget;
			buildConfigurationList = 661E09051C60E43D005BD3B9 /* Build configuration list for PBXNativeTarget "recognizerUITests" */;
			buildPhases = (
				661E08F21C60E43C005BD3B9 /* Sources */,
				661E08F31C60E43C005BD3B9 /* Frameworks */,
				661E08F41C60E43C005BD3B9 /* Resources */,
			);
			buildRules = (
			);
			dependencies = (
				661E08F81C60E43D005BD3B9 /* PBXTargetDependency */,
			);
			name = recognizerUITests;
			productName = recognizerUITests;
			productReference = 661E08F61C60E43D005BD3B9 /* recognizerUITests.xctest */;
			productType = "com.apple.product-type.bundle.ui-testing";
		};
/* End PBXNativeTarget section */

/* Begin PBXProject section */
		661E08CF1C60E43C005BD3B9 /* Project object */ = {
			isa = PBXProject;
			attributes = {
				LastSwiftUpdateCheck = 0730;
				LastUpgradeCheck = 0730;
				ORGANIZATIONNAME = gingercode;
				TargetAttributes = {
					661E08D61C60E43C005BD3B9 = {
						CreatedOnToolsVersion = 7.3;
						DevelopmentTeam = X3G668Z26A;
					};
					661E08EA1C60E43C005BD3B9 = {
						CreatedOnToolsVersion = 7.3;
						TestTargetID = 661E08D61C60E43C005BD3B9;
					};
					661E08F51C60E43C005BD3B9 = {
						CreatedOnToolsVersion = 7.3;
						TestTargetID = 661E08D61C60E43C005BD3B9;
					};
				};
			};
			buildConfigurationList = 661E08D21C60E43C005BD3B9 /* Build configuration list for PBXProject "recognizer" */;
			compatibilityVersion = "Xcode 3.2";
			developmentRegion = English;
			hasScannedForEncodings = 0;
			knownRegions = (
				en,
				Base,
			);
			mainGroup = 661E08CE1C60E43C005BD3B9;
			productRefGroup = 661E08D81C60E43C005BD3B9 /* Products */;
			projectDirPath = "";
			projectRoot = "";
			targets = (
				661E08D61C60E43C005BD3B9 /* recognizer */,
				661E08EA1C60E43C005BD3B9 /* recognizerTests */,
				661E08F51C60E43C005BD3B9 /* recognizerUITests */,
			);
		};
/* End PBXProject section */

/* Begin PBXResourcesBuildPhase section */
		661E08D51C60E43C005BD3B9 /* Resources */ = {
			isa = PBXResourcesBuildPhase;
			buildActionMask = 2147483647;
			files = (
				661CDB501C6BF0C400698E64 /* Main.storyboard in Resources */,
				661E08E51C60E43C005BD3B9 /* LaunchScreen.storyboard in Resources */,
				661E08E21C60E43C005BD3B9 /* Assets.xcassets in Resources */,
			);
			runOnlyForDeploymentPostprocessing = 0;
		};
		661E08E91C60E43C005BD3B9 /* Resources */ = {
			isa = PBXResourcesBuildPhase;
			buildActionMask = 2147483647;
			files = (
			);
			runOnlyForDeploymentPostprocessing = 0;
		};
		661E08F41C60E43C005BD3B9 /* Resources */ = {
			isa = PBXResourcesBuildPhase;
			buildActionMask = 2147483647;
			files = (
			);
			runOnlyForDeploymentPostprocessing = 0;
		};
/* End PBXResourcesBuildPhase section */

/* Begin PBXSourcesBuildPhase section */
		661E08D31C60E43C005BD3B9 /* Sources */ = {
			isa = PBXSourcesBuildPhase;
			buildActionMask = 2147483647;
			files = (
				66C52ADE1C60EEBE000C4631 /* OptionsViewController.swift in Sources */,
				661CDB521C6C7AAD00698E64 /* Log.swift in Sources */,
				661E08DD1C60E43C005BD3B9 /* ViewController.swift in Sources */,
				661CDB4E1C6BE04400698E64 /* Protocols.swift in Sources */,
				661CDB461C6BDD5E00698E64 /* DistanceCalc.swift in Sources */,
				661E08DB1C60E43C005BD3B9 /* AppDelegate.swift in Sources */,
				66EFAD2E1C63735600BB20AC /* LogViewController.swift in Sources */,
			);
			runOnlyForDeploymentPostprocessing = 0;
		};
		661E08E71C60E43C005BD3B9 /* Sources */ = {
			isa = PBXSourcesBuildPhase;
			buildActionMask = 2147483647;
			files = (
				661E08F01C60E43C005BD3B9 /* recognizerTests.swift in Sources */,
			);
			runOnlyForDeploymentPostprocessing = 0;
		};
		661E08F21C60E43C005BD3B9 /* Sources */ = {
			isa = PBXSourcesBuildPhase;
			buildActionMask = 2147483647;
			files = (
				661E08FB1C60E43D005BD3B9 /* recognizerUITests.swift in Sources */,
			);
			runOnlyForDeploymentPostprocessing = 0;
		};
/* End PBXSourcesBuildPhase section */

/* Begin PBXTargetDependency section */
		661E08ED1C60E43C005BD3B9 /* PBXTargetDependency */ = {
			isa = PBXTargetDependency;
			target = 661E08D61C60E43C005BD3B9 /* recognizer */;
			targetProxy = 661E08EC1C60E43C005BD3B9 /* PBXContainerItemProxy */;
		};
		661E08F81C60E43D005BD3B9 /* PBXTargetDependency */ = {
			isa = PBXTargetDependency;
			target = 661E08D61C60E43C005BD3B9 /* recognizer */;
			targetProxy = 661E08F71C60E43D005BD3B9 /* PBXContainerItemProxy */;
		};
/* End PBXTargetDependency section */

/* Begin PBXVariantGroup section */
		661E08E31C60E43C005BD3B9 /* LaunchScreen.storyboard */ = {
			isa = PBXVariantGroup;
			children = (
				661E08E41C60E43C005BD3B9 /* Base */,
			);
			name = LaunchScreen.storyboard;
			sourceTree = "<group>";
		};
/* End PBXVariantGroup section */

/* Begin XCBuildConfiguration section */
		661E08FD1C60E43D005BD3B9 /* Debug */ = {
			isa = XCBuildConfiguration;
			buildSettings = {
				ALWAYS_SEARCH_USER_PATHS = NO;
				CLANG_CXX_LANGUAGE_STANDARD = "gnu++0x";
				CLANG_CXX_LIBRARY = "libc++";
				CLANG_ENABLE_MODULES = YES;
				CLANG_ENABLE_OBJC_ARC = YES;
				CLANG_WARN_BOOL_CONVERSION = YES;
				CLANG_WARN_CONSTANT_CONVERSION = YES;
				CLANG_WARN_DIRECT_OBJC_ISA_USAGE = YES_ERROR;
				CLANG_WARN_EMPTY_BODY = YES;
				CLANG_WARN_ENUM_CONVERSION = YES;
				CLANG_WARN_INT_CONVERSION = YES;
				CLANG_WARN_OBJC_ROOT_CLASS = YES_ERROR;
				CLANG_WARN_UNREACHABLE_CODE = YES;
				CLANG_WARN__DUPLICATE_METHOD_MATCH = YES;
				"CODE_SIGN_IDENTITY[sdk=iphoneos*]" = "iPhone Developer";
				COPY_PHASE_STRIP = NO;
				DEBUG_INFORMATION_FORMAT = dwarf;
				ENABLE_STRICT_OBJC_MSGSEND = YES;
				ENABLE_TESTABILITY = YES;
				GCC_C_LANGUAGE_STANDARD = gnu99;
				GCC_DYNAMIC_NO_PIC = NO;
				GCC_NO_COMMON_BLOCKS = YES;
				GCC_OPTIMIZATION_LEVEL = 0;
				GCC_PREPROCESSOR_DEFINITIONS = (
					"DEBUG=1",
					"$(inherited)",
				);
				GCC_WARN_64_TO_32_BIT_CONVERSION = YES;
				GCC_WARN_ABOUT_RETURN_TYPE = YES_ERROR;
				GCC_WARN_UNDECLARED_SELECTOR = YES;
				GCC_WARN_UNINITIALIZED_AUTOS = YES_AGGRESSIVE;
				GCC_WARN_UNUSED_FUNCTION = YES;
				GCC_WARN_UNUSED_VARIABLE = YES;
				IPHONEOS_DEPLOYMENT_TARGET = 9.3;
				MTL_ENABLE_DEBUG_INFO = YES;
				ONLY_ACTIVE_ARCH = YES;
				SDKROOT = iphoneos;
				SWIFT_OPTIMIZATION_LEVEL = "-Onone";
				TARGETED_DEVICE_FAMILY = "1,2";
			};
			name = Debug;
		};
		661E08FE1C60E43D005BD3B9 /* Release */ = {
			isa = XCBuildConfiguration;
			buildSettings = {
				ALWAYS_SEARCH_USER_PATHS = NO;
				CLANG_CXX_LANGUAGE_STANDARD = "gnu++0x";
				CLANG_CXX_LIBRARY = "libc++";
				CLANG_ENABLE_MODULES = YES;
				CLANG_ENABLE_OBJC_ARC = YES;
				CLANG_WARN_BOOL_CONVERSION = YES;
				CLANG_WARN_CONSTANT_CONVERSION = YES;
				CLANG_WARN_DIRECT_OBJC_ISA_USAGE = YES_ERROR;
				CLANG_WARN_EMPTY_BODY = YES;
				CLANG_WARN_ENUM_CONVERSION = YES;
				CLANG_WARN_INT_CONVERSION = YES;
				CLANG_WARN_OBJC_ROOT_CLASS = YES_ERROR;
				CLANG_WARN_UNREACHABLE_CODE = YES;
				CLANG_WARN__DUPLICATE_METHOD_MATCH = YES;
				"CODE_SIGN_IDENTITY[sdk=iphoneos*]" = "iPhone Developer";
				COPY_PHASE_STRIP = NO;
				DEBUG_INFORMATION_FORMAT = "dwarf-with-dsym";
				ENABLE_NS_ASSERTIONS = NO;
				ENABLE_STRICT_OBJC_MSGSEND = YES;
				GCC_C_LANGUAGE_STANDARD = gnu99;
				GCC_NO_COMMON_BLOCKS = YES;
				GCC_WARN_64_TO_32_BIT_CONVERSION = YES;
				GCC_WARN_ABOUT_RETURN_TYPE = YES_ERROR;
				GCC_WARN_UNDECLARED_SELECTOR = YES;
				GCC_WARN_UNINITIALIZED_AUTOS = YES_AGGRESSIVE;
				GCC_WARN_UNUSED_FUNCTION = YES;
				GCC_WARN_UNUSED_VARIABLE = YES;
				IPHONEOS_DEPLOYMENT_TARGET = 9.3;
				MTL_ENABLE_DEBUG_INFO = NO;
				SDKROOT = iphoneos;
				TARGETED_DEVICE_FAMILY = "1,2";
				VALIDATE_PRODUCT = YES;
			};
			name = Release;
		};
		661E09001C60E43D005BD3B9 /* Debug */ = {
			isa = XCBuildConfiguration;
			buildSettings = {
				ASSETCATALOG_COMPILER_APPICON_NAME = AppIcon;
				CODE_SIGN_IDENTITY = "iPhone Developer";
				INFOPLIST_FILE = recognizer/Info.plist;
				LD_RUNPATH_SEARCH_PATHS = "$(inherited) @executable_path/Frameworks";
				PRODUCT_BUNDLE_IDENTIFIER = com.gingercode.recognizer;
				PRODUCT_NAME = "$(TARGET_NAME)";
			};
			name = Debug;
		};
		661E09011C60E43D005BD3B9 /* Release */ = {
			isa = XCBuildConfiguration;
			buildSettings = {
				ASSETCATALOG_COMPILER_APPICON_NAME = AppIcon;
				CODE_SIGN_IDENTITY = "iPhone Developer";
				INFOPLIST_FILE = recognizer/Info.plist;
				LD_RUNPATH_SEARCH_PATHS = "$(inherited) @executable_path/Frameworks";
				PRODUCT_BUNDLE_IDENTIFIER = com.gingercode.recognizer;
				PRODUCT_NAME = "$(TARGET_NAME)";
			};
			name = Release;
		};
		661E09031C60E43D005BD3B9 /* Debug */ = {
			isa = XCBuildConfiguration;
			buildSettings = {
				BUNDLE_LOADER = "$(TEST_HOST)";
				INFOPLIST_FILE = recognizerTests/Info.plist;
				LD_RUNPATH_SEARCH_PATHS = "$(inherited) @executable_path/Frameworks @loader_path/Frameworks";
				PRODUCT_BUNDLE_IDENTIFIER = com.gingercode.recognizerTests;
				PRODUCT_NAME = "$(TARGET_NAME)";
				TEST_HOST = "$(BUILT_PRODUCTS_DIR)/recognizer.app/recognizer";
			};
			name = Debug;
		};
		661E09041C60E43D005BD3B9 /* Release */ = {
			isa = XCBuildConfiguration;
			buildSettings = {
				BUNDLE_LOADER = "$(TEST_HOST)";
				INFOPLIST_FILE = recognizerTests/Info.plist;
				LD_RUNPATH_SEARCH_PATHS = "$(inherited) @executable_path/Frameworks @loader_path/Frameworks";
				PRODUCT_BUNDLE_IDENTIFIER = com.gingercode.recognizerTests;
				PRODUCT_NAME = "$(TARGET_NAME)";
				TEST_HOST = "$(BUILT_PRODUCTS_DIR)/recognizer.app/recognizer";
			};
			name = Release;
		};
		661E09061C60E43D005BD3B9 /* Debug */ = {
			isa = XCBuildConfiguration;
			buildSettings = {
				INFOPLIST_FILE = recognizerUITests/Info.plist;
				LD_RUNPATH_SEARCH_PATHS = "$(inherited) @executable_path/Frameworks @loader_path/Frameworks";
				PRODUCT_BUNDLE_IDENTIFIER = com.gingercode.recognizerUITests;
				PRODUCT_NAME = "$(TARGET_NAME)";
				TEST_TARGET_NAME = recognizer;
			};
			name = Debug;
		};
		661E09071C60E43D005BD3B9 /* Release */ = {
			isa = XCBuildConfiguration;
			buildSettings = {
				INFOPLIST_FILE = recognizerUITests/Info.plist;
				LD_RUNPATH_SEARCH_PATHS = "$(inherited) @executable_path/Frameworks @loader_path/Frameworks";
				PRODUCT_BUNDLE_IDENTIFIER = com.gingercode.recognizerUITests;
				PRODUCT_NAME = "$(TARGET_NAME)";
				TEST_TARGET_NAME = recognizer;
			};
			name = Release;
		};
/* End XCBuildConfiguration section */

/* Begin XCConfigurationList section */
		661E08D21C60E43C005BD3B9 /* Build configuration list for PBXProject "recognizer" */ = {
			isa = XCConfigurationList;
			buildConfigurations = (
				661E08FD1C60E43D005BD3B9 /* Debug */,
				661E08FE1C60E43D005BD3B9 /* Release */,
			);
			defaultConfigurationIsVisible = 0;
			defaultConfigurationName = Release;
		};
		661E08FF1C60E43D005BD3B9 /* Build configuration list for PBXNativeTarget "recognizer" */ = {
			isa = XCConfigurationList;
			buildConfigurations = (
				661E09001C60E43D005BD3B9 /* Debug */,
				661E09011C60E43D005BD3B9 /* Release */,
			);
			defaultConfigurationIsVisible = 0;
			defaultConfigurationName = Release;
		};
		661E09021C60E43D005BD3B9 /* Build configuration list for PBXNativeTarget "recognizerTests" */ = {
			isa = XCConfigurationList;
			buildConfigurations = (
				661E09031C60E43D005BD3B9 /* Debug */,
				661E09041C60E43D005BD3B9 /* Release */,
			);
			defaultConfigurationIsVisible = 0;
			defaultConfigurationName = Release;
		};
		661E09051C60E43D005BD3B9 /* Build configuration list for PBXNativeTarget "recognizerUITests" */ = {
			isa = XCConfigurationList;
			buildConfigurations = (
				661E09061C60E43D005BD3B9 /* Debug */,
				661E09071C60E43D005BD3B9 /* Release */,
			);
			defaultConfigurationIsVisible = 0;
			defaultConfigurationName = Release;
		};
/* End XCConfigurationList section */
	};
	rootObject = 661E08CF1C60E43C005BD3B9 /* Project object */;
}
